
Microsoft Visual Studio Solution File, Format Version 12.00
# Visual Studio Version 16
VisualStudioVersion = 16.0.30523.141
MinimumVisualStudioVersion = 10.0.40219.1
Project("{9A19103F-16F7-4668-BE54-9A1E7A4F7556}") = "Methods", "Methods\Methods.csproj", "{0A866A96-76A2-4DA6-8C45-6B61C47DAC0A}"
EndProject
Project("{9A19103F-16F7-4668-BE54-9A1E7A4F7556}") = "Arrays", "Arrays\Arrays.csproj", "{822BFA99-5E49-4BE0-AA9B-2772BDE388CB}"
EndProject
Project("{9A19103F-16F7-4668-BE54-9A1E7A4F7556}") = "Loops", "Loops\Loops.csproj", "{244628A4-7AF5-4EE7-900D-EF3F31375F79}"
EndProject
Project("{FAE04EC0-301F-11D3-BF4B-00C04F79EFBC}") = "ReferenceTypes", "ReferenceTypes\ReferenceTypes.csproj", "{6D7C57ED-6465-4633-A5CA-DC92187C302C}"
EndProject
Project("{FAE04EC0-301F-11D3-BF4B-00C04F79EFBC}") = "Constructor", "Constructor\Constructor.csproj", "{BC6B5F02-F678-4028-8B03-E1205CB98EB6}"
EndProject
Global
	GlobalSection(SolutionConfigurationPlatforms) = preSolution
		Debug|Any CPU = Debug|Any CPU
		Release|Any CPU = Release|Any CPU
	EndGlobalSection
	GlobalSection(ProjectConfigurationPlatforms) = postSolution
		{0A866A96-76A2-4DA6-8C45-6B61C47DAC0A}.Debug|Any CPU.ActiveCfg = Debug|Any CPU
		{0A866A96-76A2-4DA6-8C45-6B61C47DAC0A}.Debug|Any CPU.Build.0 = Debug|Any CPU
		{0A866A96-76A2-4DA6-8C45-6B61C47DAC0A}.Release|Any CPU.ActiveCfg = Release|Any CPU
		{0A866A96-76A2-4DA6-8C45-6B61C47DAC0A}.Release|Any CPU.Build.0 = Release|Any CPU
		{822BFA99-5E49-4BE0-AA9B-2772BDE388CB}.Debug|Any CPU.ActiveCfg = Debug|Any CPU
		{822BFA99-5E49-4BE0-AA9B-2772BDE388CB}.Debug|Any CPU.Build.0 = Debug|Any CPU
		{822BFA99-5E49-4BE0-AA9B-2772BDE388CB}.Release|Any CPU.ActiveCfg = Release|Any CPU
		{822BFA99-5E49-4BE0-AA9B-2772BDE388CB}.Release|Any CPU.Build.0 = Release|Any CPU
		{244628A4-7AF5-4EE7-900D-EF3F31375F79}.Debug|Any CPU.ActiveCfg = Debug|Any CPU
		{244628A4-7AF5-4EE7-900D-EF3F31375F79}.Debug|Any CPU.Build.0 = Debug|Any CPU
		{244628A4-7AF5-4EE7-900D-EF3F31375F79}.Release|Any CPU.ActiveCfg = Release|Any CPU
		{244628A4-7AF5-4EE7-900D-EF3F31375F79}.Release|Any CPU.Build.0 = Release|Any CPU
		{6D7C57ED-6465-4633-A5CA-DC92187C302C}.Debug|Any CPU.ActiveCfg = Debug|Any CPU
		{6D7C57ED-6465-4633-A5CA-DC92187C302C}.Debug|Any CPU.Build.0 = Debug|Any CPU
		{6D7C57ED-6465-4633-A5CA-DC92187C302C}.Release|Any CPU.ActiveCfg = Release|Any CPU
		{6D7C57ED-6465-4633-A5CA-DC92187C302C}.Release|Any CPU.Build.0 = Release|Any CPU
		{BC6B5F02-F678-4028-8B03-E1205CB98EB6}.Debug|Any CPU.ActiveCfg = Debug|Any CPU
		{BC6B5F02-F678-4028-8B03-E1205CB98EB6}.Debug|Any CPU.Build.0 = Debug|Any CPU
		{BC6B5F02-F678-4028-8B03-E1205CB98EB6}.Release|Any CPU.ActiveCfg = Release|Any CPU
		{BC6B5F02-F678-4028-8B03-E1205CB98EB6}.Release|Any CPU.Build.0 = Release|Any CPU
	EndGlobalSection
	GlobalSection(SolutionProperties) = preSolution
		HideSolutionNode = FALSE
	EndGlobalSection
	GlobalSection(ExtensibilityGlobals) = postSolution
		SolutionGuid = {9BC9A6AB-7BBA-433D-A82D-F7720EA1606B}
	EndGlobalSection
EndGlobal
